
Microsoft Visual Studio Solution File, Format Version 12.00
# Visual Studio Version 17
VisualStudioVersion = 17.14.36705.20 d17.14
MinimumVisualStudioVersion = 10.0.40219.1
Project("{FAE04EC0-301F-11D3-BF4B-00C04F79EFBC}") = "DateInsert2", "DateInsert2\DateInsert2.csproj", "{21F6D1AE-860E-4821-9E50-492EA575AB19}"
EndProject
Global
	GlobalSection(SolutionConfigurationPlatforms) = preSolution
		Debug|Any CPU = Debug|Any CPU
		Release|Any CPU = Release|Any CPU
	EndGlobalSection
	GlobalSection(ProjectConfigurationPlatforms) = postSolution
		{21F6D1AE-860E-4821-9E50-492EA575AB19}.Debug|Any CPU.ActiveCfg = Debug|Any CPU
		{21F6D1AE-860E-4821-9E50-492EA575AB19}.Debug|Any CPU.Build.0 = Debug|Any CPU
		{21F6D1AE-860E-4821-9E50-492EA575AB19}.Release|Any CPU.ActiveCfg = Release|Any CPU
		{21F6D1AE-860E-4821-9E50-492EA575AB19}.Release|Any CPU.Build.0 = Release|Any CPU
	EndGlobalSection
	GlobalSection(SolutionProperties) = preSolution
		HideSolutionNode = FALSE
	EndGlobalSection
	GlobalSection(ExtensibilityGlobals) = postSolution
		SolutionGuid = {01895205-8303-4EAA-AEA8-9F44871DC5FF}
	EndGlobalSection
EndGlobal
